
Microsoft Visual Studio Solution File, Format Version 12.00
# Visual Studio Version 17
VisualStudioVersion = 17.7.33711.374
MinimumVisualStudioVersion = 10.0.40219.1
Project("{FAE04EC0-301F-11D3-BF4B-00C04F79EFBC}") = "DesignPart", "DesignPart\DesignPart.csproj", "{5A481C0A-4105-446D-88F6-FD446804D42B}"
EndProject
Global
	GlobalSection(SolutionConfigurationPlatforms) = preSolution
		Debug|Any CPU = Debug|Any CPU
		Release|Any CPU = Release|Any CPU
	EndGlobalSection
	GlobalSection(ProjectConfigurationPlatforms) = postSolution
		{5A481C0A-4105-446D-88F6-FD446804D42B}.Debug|Any CPU.ActiveCfg = Debug|Any CPU
		{5A481C0A-4105-446D-88F6-FD446804D42B}.Debug|Any CPU.Build.0 = Debug|Any CPU
		{5A481C0A-4105-446D-88F6-FD446804D42B}.Release|Any CPU.ActiveCfg = Release|Any CPU
		{5A481C0A-4105-446D-88F6-FD446804D42B}.Release|Any CPU.Build.0 = Release|Any CPU
	EndGlobalSection
	GlobalSection(SolutionProperties) = preSolution
		HideSolutionNode = FALSE
	EndGlobalSection
	GlobalSection(ExtensibilityGlobals) = postSolution
		SolutionGuid = {7B7F00A0-A94F-473B-96D2-7C0394A2CC5F}
	EndGlobalSection
EndGlobal
